
Microsoft Visual Studio Solution File, Format Version 12.00
# Visual Studio 15
VisualStudioVersion = 15.0.27130.2024
MinimumVisualStudioVersion = 10.0.40219.1
Project("{9A19103F-16F7-4668-BE54-9A1E7A4F7556}") = "FluentSandbox", "FluentSandbox.csproj", "{4244EFC7-BD73-4C4A-A3AD-1133F290DDFF}"
EndProject
Global
	GlobalSection(SolutionConfigurationPlatforms) = preSolution
		Debug|Any CPU = Debug|Any CPU
		Release|Any CPU = Release|Any CPU
	EndGlobalSection
	GlobalSection(ProjectConfigurationPlatforms) = postSolution
		{4244EFC7-BD73-4C4A-A3AD-1133F290DDFF}.Debug|Any CPU.ActiveCfg = Debug|Any CPU
		{4244EFC7-BD73-4C4A-A3AD-1133F290DDFF}.Debug|Any CPU.Build.0 = Debug|Any CPU
		{4244EFC7-BD73-4C4A-A3AD-1133F290DDFF}.Release|Any CPU.ActiveCfg = Release|Any CPU
		{4244EFC7-BD73-4C4A-A3AD-1133F290DDFF}.Release|Any CPU.Build.0 = Release|Any CPU
	EndGlobalSection
	GlobalSection(SolutionProperties) = preSolution
		HideSolutionNode = FALSE
	EndGlobalSection
	GlobalSection(ExtensibilityGlobals) = postSolution
		SolutionGuid = {FCEEBA8B-EBC1-42B1-B657-D5540D68633D}
	EndGlobalSection
EndGlobal
